// !$*UTF8*$!
{
	archiveVersion = 1;
	classes = {
	};
	objectVersion = 50;
	objects = {

/* Begin PBXBuildFile section */
		388DB56723A3590800C1A9FB /* AppDelegate.swift in Sources */ = {isa = PBXBuildFile; fileRef = 388DB56623A3590800C1A9FB /* AppDelegate.swift */; };
		388DB56923A3590800C1A9FB /* SceneDelegate.swift in Sources */ = {isa = PBXBuildFile; fileRef = 388DB56823A3590800C1A9FB /* SceneDelegate.swift */; };
		388DB56B23A3590800C1A9FB /* ContentView.swift in Sources */ = {isa = PBXBuildFile; fileRef = 388DB56A23A3590800C1A9FB /* ContentView.swift */; };
		388DB56D23A3590B00C1A9FB /* Assets.xcassets in Resources */ = {isa = PBXBuildFile; fileRef = 388DB56C23A3590B00C1A9FB /* Assets.xcassets */; };
		388DB57023A3590B00C1A9FB /* Preview Assets.xcassets in Resources */ = {isa = PBXBuildFile; fileRef = 388DB56F23A3590B00C1A9FB /* Preview Assets.xcassets */; };
		388DB57323A3590B00C1A9FB /* LaunchScreen.storyboard in Resources */ = {isa = PBXBuildFile; fileRef = 388DB57123A3590B00C1A9FB /* LaunchScreen.storyboard */; };
/* End PBXBuildFile section */

/* Begin PBXFileReference section */
		388DB56323A3590800C1A9FB /* CurrentTimeSwiftUI.app */ = {isa = PBXFileReference; explicitFileType = wrapper.application; includeInIndex = 0; path = CurrentTimeSwiftUI.app; sourceTree = BUILT_PRODUCTS_DIR; };
		388DB56623A3590800C1A9FB /* AppDelegate.swift */ = {isa = PBXFileReference; lastKnownFileType = sourcecode.swift; path = AppDelegate.swift; sourceTree = "<group>"; };
		388DB56823A3590800C1A9FB /* SceneDelegate.swift */ = {isa = PBXFileReference; lastKnownFileType = sourcecode.swift; path = SceneDelegate.swift; sourceTree = "<group>"; };
		388DB56A23A3590800C1A9FB /* ContentView.swift */ = {isa = PBXFileReference; lastKnownFileType = sourcecode.swift; path = ContentView.swift; sourceTree = "<group>"; };
		388DB56C23A3590B00C1A9FB /* Assets.xcassets */ = {isa = PBXFileReference; lastKnownFileType = folder.assetcatalog; path = Assets.xcassets; sourceTree = "<group>"; };
		388DB56F23A3590B00C1A9FB /* Preview Assets.xcassets */ = {isa = PBXFileReference; lastKnownFileType = folder.assetcatalog; path = "Preview Assets.xcassets"; sourceTree = "<group>"; };
		388DB57223A3590B00C1A9FB /* Base */ = {isa = PBXFileReference; lastKnownFileType = file.storyboard; name = Base; path = Base.lproj/LaunchScreen.storyboard; sourceTree = "<group>"; };
		388DB57423A3590B00C1A9FB /* Info.plist */ = {isa = PBXFileReference; lastKnownFileType = text.plist.xml; path = Info.plist; sourceTree = "<group>"; };
/* End PBXFileReference section */

/* Begin PBXFrameworksBuildPhase section */
		388DB56023A3590800C1A9FB /* Frameworks */ = {
			isa = PBXFrameworksBuildPhase;
			buildActionMask = 2147483647;
			files = (
			);
			runOnlyForDeploymentPostprocessing = 0;
		};
/* End PBXFrameworksBuildPhase section */

/* Begin PBXGroup section */
		388DB55A23A3590700C1A9FB = {
			isa = PBXGroup;
			children = (
				388DB56523A3590800C1A9FB /* CurrentTimeSwiftUI */,
				388DB56423A3590800C1A9FB /* Products */,
			);
			sourceTree = "<group>";
		};
		388DB56423A3590800C1A9FB /* Products */ = {
			isa = PBXGroup;
			children = (
				388DB56323A3590800C1A9FB /* CurrentTimeSwiftUI.app */,
			);
			name = Products;
			sourceTree = "<group>";
		};
		388DB56523A3590800C1A9FB /* CurrentTimeSwiftUI */ = {
			isa = PBXGroup;
			children = (
				388DB56623A3590800C1A9FB /* AppDelegate.swift */,
				388DB56823A3590800C1A9FB /* SceneDelegate.swift */,
				388DB56A23A3590800C1A9FB /* ContentView.swift */,
				388DB56C23A3590B00C1A9FB /* Assets.xcassets */,
				388DB57123A3590B00C1A9FB /* LaunchScreen.storyboard */,
				388DB57423A3590B00C1A9FB /* Info.plist */,
				388DB56E23A3590B00C1A9FB /* Preview Content */,
			);
			path = CurrentTimeSwiftUI;
			sourceTree = "<group>";
		};
		388DB56E23A3590B00C1A9FB /* Preview Content */ = {
			isa = PBXGroup;
			children = (
				388DB56F23A3590B00C1A9FB /* Preview Assets.xcassets */,
			);
			path = "Preview Content";
			sourceTree = "<group>";
		};
/* End PBXGroup section */

/* Begin PBXNativeTarget section */
		388DB56223A3590800C1A9FB /* CurrentTimeSwiftUI */ = {
			isa = PBXNativeTarget;
			buildConfigurationList = 388DB57723A3590B00C1A9FB /* Build configuration list for PBXNativeTarget "CurrentTimeSwiftUI" */;
			buildPhases = (
				388DB55F23A3590800C1A9FB /* Sources */,
				388DB56023A3590800C1A9FB /* Frameworks */,
				388DB56123A3590800C1A9FB /* Resources */,
			);
			buildRules = (
			);
			dependencies = (
			);
			name = CurrentTimeSwiftUI;
			productName = CurrentTimeSwiftUI;
			productReference = 388DB56323A3590800C1A9FB /* CurrentTimeSwiftUI.app */;
			productType = "com.apple.product-type.application";
		};
/* End PBXNativeTarget section */

/* Begin PBXProject section */
		388DB55B23A3590700C1A9FB /* Project object */ = {
			isa = PBXProject;
			attributes = {
				LastSwiftUpdateCheck = 1110;
				LastUpgradeCheck = 1110;
				ORGANIZATIONNAME = suniltarge.com;
				TargetAttributes = {
					388DB56223A3590800C1A9FB = {
						CreatedOnToolsVersion = 11.1;
					};
				};
			};
			buildConfigurationList = 388DB55E23A3590700C1A9FB /* Build configuration list for PBXProject "CurrentTimeSwiftUI" */;
			compatibilityVersion = "Xcode 9.3";
			developmentRegion = en;
			hasScannedForEncodings = 0;
			knownRegions = (
				en,
				Base,
			);
			mainGroup = 388DB55A23A3590700C1A9FB;
			productRefGroup = 388DB56423A3590800C1A9FB /* Products */;
			projectDirPath = "";
			projectRoot = "";
			targets = (
				388DB56223A3590800C1A9FB /* CurrentTimeSwiftUI */,
			);
		};
/* End PBXProject section */

/* Begin PBXResourcesBuildPhase section */
		388DB56123A3590800C1A9FB /* Resources */ = {
			isa = PBXResourcesBuildPhase;
			buildActionMask = 2147483647;
			files = (
				388DB57323A3590B00C1A9FB /* LaunchScreen.storyboard in Resources */,
				388DB57023A3590B00C1A9FB /* Preview Assets.xcassets in Resources */,
				388DB56D23A3590B00C1A9FB /* Assets.xcassets in Resources */,
			);
			runOnlyForDeploymentPostprocessing = 0;
		};
/* End PBXResourcesBuildPhase section */

/* Begin PBXSourcesBuildPhase section */
		388DB55F23A3590800C1A9FB /* Sources */ = {
			isa = PBXSourcesBuildPhase;
			buildActionMask = 2147483647;
			files = (
				388DB56723A3590800C1A9FB /* AppDelegate.swift in Sources */,
				388DB56923A3590800C1A9FB /* SceneDelegate.swift in Sources */,
				388DB56B23A3590800C1A9FB /* ContentView.swift in Sources */,
			);
			runOnlyForDeploymentPostprocessing = 0;
		};
/* End PBXSourcesBuildPhase section */

/* Begin PBXVariantGroup section */
		388DB57123A3590B00C1A9FB /* LaunchScreen.storyboard */ = {
			isa = PBXVariantGroup;
			children = (
				388DB57223A3590B00C1A9FB /* Base */,
			);
			name = LaunchScreen.storyboard;
			sourceTree = "<group>";
		};
/* End PBXVariantGroup section */

/* Begin XCBuildConfiguration section */
		388DB57523A3590B00C1A9FB /* Debug */ = {
			isa = XCBuildConfiguration;
			buildSettings = {
				ALWAYS_SEARCH_USER_PATHS = NO;
				CLANG_ANALYZER_NONNULL = YES;
				CLANG_ANALYZER_NUMBER_OBJECT_CONVERSION = YES_AGGRESSIVE;
				CLANG_CXX_LANGUAGE_STANDARD = "gnu++14";
				CLANG_CXX_LIBRARY = "libc++";
				CLANG_ENABLE_MODULES = YES;
				CLANG_ENABLE_OBJC_ARC = YES;
				CLANG_ENABLE_OBJC_WEAK = YES;
				CLANG_WARN_BLOCK_CAPTURE_AUTORELEASING = YES;
				CLANG_WARN_BOOL_CONVERSION = YES;
				CLANG_WARN_COMMA = YES;
				CLANG_WARN_CONSTANT_CONVERSION = YES;
				CLANG_WARN_DEPRECATED_OBJC_IMPLEMENTATIONS = YES;
				CLANG_WARN_DIRECT_OBJC_ISA_USAGE = YES_ERROR;
				CLANG_WARN_DOCUMENTATION_COMMENTS = YES;
				CLANG_WARN_EMPTY_BODY = YES;
				CLANG_WARN_ENUM_CONVERSION = YES;
				CLANG_WARN_INFINITE_RECURSION = YES;
				CLANG_WARN_INT_CONVERSION = YES;
				CLANG_WARN_NON_LITERAL_NULL_CONVERSION = YES;
				CLANG_WARN_OBJC_IMPLICIT_RETAIN_SELF = YES;
				CLANG_WARN_OBJC_LITERAL_CONVERSION = YES;
				CLANG_WARN_OBJC_ROOT_CLASS = YES_ERROR;
				CLANG_WARN_RANGE_LOOP_ANALYSIS = YES;
				CLANG_WARN_STRICT_PROTOTYPES = YES;
				CLANG_WARN_SUSPICIOUS_MOVE = YES;
				CLANG_WARN_UNGUARDED_AVAILABILITY = YES_AGGRESSIVE;
				CLANG_WARN_UNREACHABLE_CODE = YES;
				CLANG_WARN__DUPLICATE_METHOD_MATCH = YES;
				COPY_PHASE_STRIP = NO;
				DEBUG_INFORMATION_FORMAT = dwarf;
				ENABLE_STRICT_OBJC_MSGSEND = YES;
				ENABLE_TESTABILITY = YES;
				GCC_C_LANGUAGE_STANDARD = gnu11;
				GCC_DYNAMIC_NO_PIC = NO;
				GCC_NO_COMMON_BLOCKS = YES;
				GCC_OPTIMIZATION_LEVEL = 0;
				GCC_PREPROCESSOR_DEFINITIONS = (
					"DEBUG=1",
					"$(inherited)",
				);
				GCC_WARN_64_TO_32_BIT_CONVERSION = YES;
				GCC_WARN_ABOUT_RETURN_TYPE = YES_ERROR;
				GCC_WARN_UNDECLARED_SELECTOR = YES;
				GCC_WARN_UNINITIALIZED_AUTOS = YES_AGGRESSIVE;
				GCC_WARN_UNUSED_FUNCTION = YES;
				GCC_WARN_UNUSED_VARIABLE = YES;
				IPHONEOS_DEPLOYMENT_TARGET = 13.1;
				MTL_ENABLE_DEBUG_INFO = INCLUDE_SOURCE;
				MTL_FAST_MATH = YES;
				ONLY_ACTIVE_ARCH = YES;
				SDKROOT = iphoneos;
				SWIFT_ACTIVE_COMPILATION_CONDITIONS = DEBUG;
				SWIFT_OPTIMIZATION_LEVEL = "-Onone";
			};
			name = Debug;
		};
		388DB57623A3590B00C1A9FB /* Release */ = {
			isa = XCBuildConfiguration;
			buildSettings = {
				ALWAYS_SEARCH_USER_PATHS = NO;
				CLANG_ANALYZER_NONNULL = YES;
				CLANG_ANALYZER_NUMBER_OBJECT_CONVERSION = YES_AGGRESSIVE;
				CLANG_CXX_LANGUAGE_STANDARD = "gnu++14";
				CLANG_CXX_LIBRARY = "libc++";
				CLANG_ENABLE_MODULES = YES;
				CLANG_ENABLE_OBJC_ARC = YES;
				CLANG_ENABLE_OBJC_WEAK = YES;
				CLANG_WARN_BLOCK_CAPTURE_AUTORELEASING = YES;
				CLANG_WARN_BOOL_CONVERSION = YES;
				CLANG_WARN_COMMA = YES;
				CLANG_WARN_CONSTANT_CONVERSION = YES;
				CLANG_WARN_DEPRECATED_OBJC_IMPLEMENTATIONS = YES;
				CLANG_WARN_DIRECT_OBJC_ISA_USAGE = YES_ERROR;
				CLANG_WARN_DOCUMENTATION_COMMENTS = YES;
				CLANG_WARN_EMPTY_BODY = YES;
				CLANG_WARN_ENUM_CONVERSION = YES;
				CLANG_WARN_INFINITE_RECURSION = YES;
				CLANG_WARN_INT_CONVERSION = YES;
				CLANG_WARN_NON_LITERAL_NULL_CONVERSION = YES;
				CLANG_WARN_OBJC_IMPLICIT_RETAIN_SELF = YES;
				CLANG_WARN_OBJC_LITERAL_CONVERSION = YES;
				CLANG_WARN_OBJC_ROOT_CLASS = YES_ERROR;
				CLANG_WARN_RANGE_LOOP_ANALYSIS = YES;
				CLANG_WARN_STRICT_PROTOTYPES = YES;
				CLANG_WARN_SUSPICIOUS_MOVE = YES;
				CLANG_WARN_UNGUARDED_AVAILABILITY = YES_AGGRESSIVE;
				CLANG_WARN_UNREACHABLE_CODE = YES;
				CLANG_WARN__DUPLICATE_METHOD_MATCH = YES;
				COPY_PHASE_STRIP = NO;
				DEBUG_INFORMATION_FORMAT = "dwarf-with-dsym";
				ENABLE_NS_ASSERTIONS = NO;
				ENABLE_STRICT_OBJC_MSGSEND = YES;
				GCC_C_LANGUAGE_STANDARD = gnu11;
				GCC_NO_COMMON_BLOCKS = YES;
				GCC_WARN_64_TO_32_BIT_CONVERSION = YES;
				GCC_WARN_ABOUT_RETURN_TYPE = YES_ERROR;
				GCC_WARN_UNDECLARED_SELECTOR = YES;
				GCC_WARN_UNINITIALIZED_AUTOS = YES_AGGRESSIVE;
				GCC_WARN_UNUSED_FUNCTION = YES;
				GCC_WARN_UNUSED_VARIABLE = YES;
				IPHONEOS_DEPLOYMENT_TARGET = 13.1;
				MTL_ENABLE_DEBUG_INFO = NO;
				MTL_FAST_MATH = YES;
				SDKROOT = iphoneos;
				SWIFT_COMPILATION_MODE = wholemodule;
				SWIFT_OPTIMIZATION_LEVEL = "-O";
				VALIDATE_PRODUCT = YES;
			};
			name = Release;
		};
		388DB57823A3590B00C1A9FB /* Debug */ = {
			isa = XCBuildConfiguration;
			buildSettings = {
				ASSETCATALOG_COMPILER_APPICON_NAME = AppIcon;
				CODE_SIGN_STYLE = Automatic;
				DEVELOPMENT_ASSET_PATHS = "\"CurrentTimeSwiftUI/Preview Content\"";
				DEVELOPMENT_TEAM = YYKQ73Y9HX;
				ENABLE_PREVIEWS = YES;
				INFOPLIST_FILE = CurrentTimeSwiftUI/Info.plist;
				LD_RUNPATH_SEARCH_PATHS = (
					"$(inherited)",
					"@executable_path/Frameworks",
				);
				PRODUCT_BUNDLE_IDENTIFIER = suniltarge.CurrentTimeSwiftUI;
				PRODUCT_NAME = "$(TARGET_NAME)";
				SWIFT_VERSION = 5.0;
				TARGETED_DEVICE_FAMILY = "1,2";
			};
			name = Debug;
		};
		388DB57923A3590B00C1A9FB /* Release */ = {
			isa = XCBuildConfiguration;
			buildSettings = {
				ASSETCATALOG_COMPILER_APPICON_NAME = AppIcon;
				CODE_SIGN_STYLE = Automatic;
				DEVELOPMENT_ASSET_PATHS = "\"CurrentTimeSwiftUI/Preview Content\"";
				DEVELOPMENT_TEAM = YYKQ73Y9HX;
				ENABLE_PREVIEWS = YES;
				INFOPLIST_FILE = CurrentTimeSwiftUI/Info.plist;
				LD_RUNPATH_SEARCH_PATHS = (
					"$(inherited)",
					"@executable_path/Frameworks",
				);
				PRODUCT_BUNDLE_IDENTIFIER = suniltarge.CurrentTimeSwiftUI;
				PRODUCT_NAME = "$(TARGET_NAME)";
				SWIFT_VERSION = 5.0;
				TARGETED_DEVICE_FAMILY = "1,2";
			};
			name = Release;
		};
/* End XCBuildConfiguration section */

/* Begin XCConfigurationList section */
		388DB55E23A3590700C1A9FB /* Build configuration list for PBXProject "CurrentTimeSwiftUI" */ = {
			isa = XCConfigurationList;
			buildConfigurations = (
				388DB57523A3590B00C1A9FB /* Debug */,
				388DB57623A3590B00C1A9FB /* Release */,
			);
			defaultConfigurationIsVisible = 0;
			defaultConfigurationName = Release;
		};
		388DB57723A3590B00C1A9FB /* Build configuration list for PBXNativeTarget "CurrentTimeSwiftUI" */ = {
			isa = XCConfigurationList;
			buildConfigurations = (
				388DB57823A3590B00C1A9FB /* Debug */,
				388DB57923A3590B00C1A9FB /* Release */,
			);
			defaultConfigurationIsVisible = 0;
			defaultConfigurationName = Release;
		};
/* End XCConfigurationList section */
	};
	rootObject = 388DB55B23A3590700C1A9FB /* Project object */;
}
